
Microsoft Visual Studio Solution File, Format Version 12.00
# Visual Studio Version 16
VisualStudioVersion = 16.0.30523.141
MinimumVisualStudioVersion = 10.0.40219.1
Project("{2150E333-8FDC-42A3-9474-1A3956D46DE8}") = "Application", "Application", "{45790D5D-7BDA-4CB8-B548-69BB9A0F4810}"
EndProject
Project("{2150E333-8FDC-42A3-9474-1A3956D46DE8}") = "Domain", "Domain", "{B2B6B79B-A65C-4B9A-99B6-D2178D62171F}"
EndProject
Project("{2150E333-8FDC-42A3-9474-1A3956D46DE8}") = "Infra.IoC", "Infra.IoC", "{F7F23899-FE24-43FC-B2D3-A67031FEBA3E}"
EndProject
Project("{2150E333-8FDC-42A3-9474-1A3956D46DE8}") = "Infra.Data", "Infra.Data", "{B5CFB737-178B-40C8-909E-840881613D99}"
	ProjectSection(SolutionItems) = preProject
		SQL_Inserts_For_Seed_Data.txt = SQL_Inserts_For_Seed_Data.txt
	EndProjectSection
EndProject
Project("{2150E333-8FDC-42A3-9474-1A3956D46DE8}") = "Presentation", "Presentation", "{5B8EBBEF-D574-497D-AF4A-4CB8F6E6E1EE}"
EndProject
Project("{9A19103F-16F7-4668-BE54-9A1E7A4F7556}") = "CleanArch.Mvc", "CleanArch.Mvc\CleanArch.Mvc.csproj", "{EDA85910-1EB7-41EB-BBBB-97A523BB1640}"
EndProject
Project("{9A19103F-16F7-4668-BE54-9A1E7A4F7556}") = "CleanArch.Domain", "CleanArch.Domain\CleanArch.Domain.csproj", "{205F60DD-A19A-422C-9709-05FD4DF75296}"
EndProject
Project("{9A19103F-16F7-4668-BE54-9A1E7A4F7556}") = "CleanArch.Infra.Data", "CleanArch.Infra.Data\CleanArch.Infra.Data.csproj", "{7756E68D-A9A7-4F74-947C-C7B14478CF75}"
EndProject
Project("{9A19103F-16F7-4668-BE54-9A1E7A4F7556}") = "CleanArch.Application", "CleanArch.Application\CleanArch.Application.csproj", "{4BFBE564-1078-4E6F-8120-DF2675BDCBE6}"
EndProject
Project("{9A19103F-16F7-4668-BE54-9A1E7A4F7556}") = "CleanArch.Infra.IoC", "CleanArch.Infra.IoC\CleanArch.Infra.IoC.csproj", "{E99DF871-C366-4D76-9A9D-EAD6F873A26E}"
EndProject
Global
	GlobalSection(SolutionConfigurationPlatforms) = preSolution
		Debug|Any CPU = Debug|Any CPU
		Release|Any CPU = Release|Any CPU
	EndGlobalSection
	GlobalSection(ProjectConfigurationPlatforms) = postSolution
		{EDA85910-1EB7-41EB-BBBB-97A523BB1640}.Debug|Any CPU.ActiveCfg = Debug|Any CPU
		{EDA85910-1EB7-41EB-BBBB-97A523BB1640}.Debug|Any CPU.Build.0 = Debug|Any CPU
		{EDA85910-1EB7-41EB-BBBB-97A523BB1640}.Release|Any CPU.ActiveCfg = Release|Any CPU
		{EDA85910-1EB7-41EB-BBBB-97A523BB1640}.Release|Any CPU.Build.0 = Release|Any CPU
		{205F60DD-A19A-422C-9709-05FD4DF75296}.Debug|Any CPU.ActiveCfg = Debug|Any CPU
		{205F60DD-A19A-422C-9709-05FD4DF75296}.Debug|Any CPU.Build.0 = Debug|Any CPU
		{205F60DD-A19A-422C-9709-05FD4DF75296}.Release|Any CPU.ActiveCfg = Release|Any CPU
		{205F60DD-A19A-422C-9709-05FD4DF75296}.Release|Any CPU.Build.0 = Release|Any CPU
		{7756E68D-A9A7-4F74-947C-C7B14478CF75}.Debug|Any CPU.ActiveCfg = Debug|Any CPU
		{7756E68D-A9A7-4F74-947C-C7B14478CF75}.Debug|Any CPU.Build.0 = Debug|Any CPU
		{7756E68D-A9A7-4F74-947C-C7B14478CF75}.Release|Any CPU.ActiveCfg = Release|Any CPU
		{7756E68D-A9A7-4F74-947C-C7B14478CF75}.Release|Any CPU.Build.0 = Release|Any CPU
		{4BFBE564-1078-4E6F-8120-DF2675BDCBE6}.Debug|Any CPU.ActiveCfg = Debug|Any CPU
		{4BFBE564-1078-4E6F-8120-DF2675BDCBE6}.Debug|Any CPU.Build.0 = Debug|Any CPU
		{4BFBE564-1078-4E6F-8120-DF2675BDCBE6}.Release|Any CPU.ActiveCfg = Release|Any CPU
		{4BFBE564-1078-4E6F-8120-DF2675BDCBE6}.Release|Any CPU.Build.0 = Release|Any CPU
		{E99DF871-C366-4D76-9A9D-EAD6F873A26E}.Debug|Any CPU.ActiveCfg = Debug|Any CPU
		{E99DF871-C366-4D76-9A9D-EAD6F873A26E}.Debug|Any CPU.Build.0 = Debug|Any CPU
		{E99DF871-C366-4D76-9A9D-EAD6F873A26E}.Release|Any CPU.ActiveCfg = Release|Any CPU
		{E99DF871-C366-4D76-9A9D-EAD6F873A26E}.Release|Any CPU.Build.0 = Release|Any CPU
	EndGlobalSection
	GlobalSection(SolutionProperties) = preSolution
		HideSolutionNode = FALSE
	EndGlobalSection
	GlobalSection(NestedProjects) = preSolution
		{EDA85910-1EB7-41EB-BBBB-97A523BB1640} = {5B8EBBEF-D574-497D-AF4A-4CB8F6E6E1EE}
		{205F60DD-A19A-422C-9709-05FD4DF75296} = {B2B6B79B-A65C-4B9A-99B6-D2178D62171F}
		{7756E68D-A9A7-4F74-947C-C7B14478CF75} = {B5CFB737-178B-40C8-909E-840881613D99}
		{4BFBE564-1078-4E6F-8120-DF2675BDCBE6} = {45790D5D-7BDA-4CB8-B548-69BB9A0F4810}
		{E99DF871-C366-4D76-9A9D-EAD6F873A26E} = {F7F23899-FE24-43FC-B2D3-A67031FEBA3E}
	EndGlobalSection
	GlobalSection(ExtensibilityGlobals) = postSolution
		SolutionGuid = {4FAD5F9C-1EE1-432B-9B11-A34A72E103F9}
	EndGlobalSection
EndGlobal
